
Microsoft Visual Studio Solution File, Format Version 12.00
# Visual Studio 2013
VisualStudioVersion = 12.0.31101.0
MinimumVisualStudioVersion = 10.0.40219.1
Project("{FAE04EC0-301F-11D3-BF4B-00C04F79EFBC}") = "Financial Portal", "Financial Portal\Financial Portal.csproj", "{4D1DF96C-613B-4A1A-AE92-5AB29A580713}"
EndProject
Project("{FAE04EC0-301F-11D3-BF4B-00C04F79EFBC}") = "DatabaseBuilder", "Database Builder\DatabaseBuilder.csproj", "{EA4E7663-9AC9-4D4F-9BEB-6C28F54AA0AF}"
EndProject
Global
	GlobalSection(SolutionConfigurationPlatforms) = preSolution
		Debug|Any CPU = Debug|Any CPU
		Release|Any CPU = Release|Any CPU
	EndGlobalSection
	GlobalSection(ProjectConfigurationPlatforms) = postSolution
		{4D1DF96C-613B-4A1A-AE92-5AB29A580713}.Debug|Any CPU.ActiveCfg = Debug|Any CPU
		{4D1DF96C-613B-4A1A-AE92-5AB29A580713}.Debug|Any CPU.Build.0 = Debug|Any CPU
		{4D1DF96C-613B-4A1A-AE92-5AB29A580713}.Release|Any CPU.ActiveCfg = Release|Any CPU
		{4D1DF96C-613B-4A1A-AE92-5AB29A580713}.Release|Any CPU.Build.0 = Release|Any CPU
		{EA4E7663-9AC9-4D4F-9BEB-6C28F54AA0AF}.Debug|Any CPU.ActiveCfg = Debug|Any CPU
		{EA4E7663-9AC9-4D4F-9BEB-6C28F54AA0AF}.Debug|Any CPU.Build.0 = Debug|Any CPU
		{EA4E7663-9AC9-4D4F-9BEB-6C28F54AA0AF}.Release|Any CPU.ActiveCfg = Release|Any CPU
		{EA4E7663-9AC9-4D4F-9BEB-6C28F54AA0AF}.Release|Any CPU.Build.0 = Release|Any CPU
	EndGlobalSection
	GlobalSection(SolutionProperties) = preSolution
		HideSolutionNode = FALSE
	EndGlobalSection
EndGlobal
